
Microsoft Visual Studio Solution File, Format Version 12.00
Project("{FAE04EC0-301F-11D3-BF4B-00C04F79EFBC}") = "ORM", "ORM\ORM.csproj", "{5594F578-4786-433E-9AA9-9E71BE988952}"
EndProject
Project("{FAE04EC0-301F-11D3-BF4B-00C04F79EFBC}") = "ORM_Lib", "ORM_Lib\ORM_Lib.csproj", "{C7E7BDAB-43E1-46D7-A9D4-FCA783C152A9}"
EndProject
Project("{FAE04EC0-301F-11D3-BF4B-00C04F79EFBC}") = "ORM_Tests", "ORM_Tests\ORM_Tests.csproj", "{E0DF4B11-D3E4-4B1C-9390-6AB95688CB6D}"
EndProject
Global
	GlobalSection(SolutionConfigurationPlatforms) = preSolution
		Debug|Any CPU = Debug|Any CPU
		Release|Any CPU = Release|Any CPU
	EndGlobalSection
	GlobalSection(ProjectConfigurationPlatforms) = postSolution
		{5594F578-4786-433E-9AA9-9E71BE988952}.Debug|Any CPU.ActiveCfg = Debug|Any CPU
		{5594F578-4786-433E-9AA9-9E71BE988952}.Debug|Any CPU.Build.0 = Debug|Any CPU
		{5594F578-4786-433E-9AA9-9E71BE988952}.Release|Any CPU.ActiveCfg = Release|Any CPU
		{5594F578-4786-433E-9AA9-9E71BE988952}.Release|Any CPU.Build.0 = Release|Any CPU
		{C7E7BDAB-43E1-46D7-A9D4-FCA783C152A9}.Debug|Any CPU.ActiveCfg = Debug|Any CPU
		{C7E7BDAB-43E1-46D7-A9D4-FCA783C152A9}.Debug|Any CPU.Build.0 = Debug|Any CPU
		{C7E7BDAB-43E1-46D7-A9D4-FCA783C152A9}.Release|Any CPU.ActiveCfg = Release|Any CPU
		{C7E7BDAB-43E1-46D7-A9D4-FCA783C152A9}.Release|Any CPU.Build.0 = Release|Any CPU
		{E0DF4B11-D3E4-4B1C-9390-6AB95688CB6D}.Debug|Any CPU.ActiveCfg = Debug|Any CPU
		{E0DF4B11-D3E4-4B1C-9390-6AB95688CB6D}.Debug|Any CPU.Build.0 = Debug|Any CPU
		{E0DF4B11-D3E4-4B1C-9390-6AB95688CB6D}.Release|Any CPU.ActiveCfg = Release|Any CPU
		{E0DF4B11-D3E4-4B1C-9390-6AB95688CB6D}.Release|Any CPU.Build.0 = Release|Any CPU
	EndGlobalSection
EndGlobal
